{
  "originHash" : "b9a45451cf00167df81553f8b2101a29ed4ec15991f53c4c58a5025fce4b26e6",
  "pins" : [
    {
      "identity" : "notchmyproblem",
      "kind" : "remoteSourceControl",
      "location" : "https://github.com/Aeastr/NotchMyProblem.git",
      "state" : {
        "revision" : "ee8193d60dcad4d7e841aea926ffe57e8c71d8b8",
        "version" : "2.0.1"
      }
    }
  ],
  "version" : 3
}
